// !$*UTF8*$!
{
	archiveVersion = 1;
	classes = {
	};
	objectVersion = 56;
	objects = {

/* Begin PBXBuildFile section */
		554133012A040C1600656C1C /* ImagePicker.swift in Sources */ = {isa = PBXBuildFile; fileRef = 554133002A040C1600656C1C /* ImagePicker.swift */; };
		554133052A040DD500656C1C /* SelectFeelingView.swift in Sources */ = {isa = PBXBuildFile; fileRef = 554133042A040DD500656C1C /* SelectFeelingView.swift */; };
		554133072A0411BD00656C1C /* AddJournalView.swift in Sources */ = {isa = PBXBuildFile; fileRef = 554133062A0411BD00656C1C /* AddJournalView.swift */; };
		55DAD5AF2A04C7BA00EDD9B2 /* UserViewModel.swift in Sources */ = {isa = PBXBuildFile; fileRef = 55DAD5AE2A04C7BA00EDD9B2 /* UserViewModel.swift */; };
		55DAD5B12A04ECCE00EDD9B2 /* FeelingList.swift in Sources */ = {isa = PBXBuildFile; fileRef = 55DAD5B02A04ECCE00EDD9B2 /* FeelingList.swift */; };
		55DAD5B32A04EF4F00EDD9B2 /* CategoryTagView.swift in Sources */ = {isa = PBXBuildFile; fileRef = 55DAD5B22A04EF4F00EDD9B2 /* CategoryTagView.swift */; };
		6C841C8E29FCA3FD00377F87 /* Mini1App.swift in Sources */ = {isa = PBXBuildFile; fileRef = 6C841C8D29FCA3FD00377F87 /* Mini1App.swift */; };
		6C841C9029FCA3FD00377F87 /* ContentView.swift in Sources */ = {isa = PBXBuildFile; fileRef = 6C841C8F29FCA3FD00377F87 /* ContentView.swift */; };
		6C841C9529FCA3FE00377F87 /* Preview Assets.xcassets in Resources */ = {isa = PBXBuildFile; fileRef = 6C841C9429FCA3FE00377F87 /* Preview Assets.xcassets */; };
		6C841CA829FCA46D00377F87 /* AddView.swift in Sources */ = {isa = PBXBuildFile; fileRef = 6C841CA529FCA46D00377F87 /* AddView.swift */; };
		6C841CA929FCA46D00377F87 /* HomeView.swift in Sources */ = {isa = PBXBuildFile; fileRef = 6C841CA629FCA46D00377F87 /* HomeView.swift */; };
		6C841CAB29FCA47600377F87 /* JournalViewModel.swift in Sources */ = {isa = PBXBuildFile; fileRef = 6C841CAA29FCA47600377F87 /* JournalViewModel.swift */; };
		6C841CAE29FCA48A00377F87 /* Mini1.xcdatamodeld in Sources */ = {isa = PBXBuildFile; fileRef = 6C841CAC29FCA48A00377F87 /* Mini1.xcdatamodeld */; };
		6C841CB029FCA49800377F87 /* MoodAnalysis.mlmodel in Sources */ = {isa = PBXBuildFile; fileRef = 6C841CAF29FCA49800377F87 /* MoodAnalysis.mlmodel */; };
		6C841CB329FCA4A000377F87 /* CoreDataUserManager.swift in Sources */ = {isa = PBXBuildFile; fileRef = 6C841CB129FCA4A000377F87 /* CoreDataUserManager.swift */; };
		6C841CB429FCA4A000377F87 /* DataController.swift in Sources */ = {isa = PBXBuildFile; fileRef = 6C841CB229FCA4A000377F87 /* DataController.swift */; };
		6CAB41D129FCA75000204F15 /* CoreDataViewModel.swift in Sources */ = {isa = PBXBuildFile; fileRef = 6CAB41D029FCA75000204F15 /* CoreDataViewModel.swift */; };
		6CAB41D829FCAAC600204F15 /* User+CoreDataProperties.swift in Sources */ = {isa = PBXBuildFile; fileRef = 6CAB41D229FCAAC600204F15 /* User+CoreDataProperties.swift */; };
		6CAB41D929FCAAC600204F15 /* Journal+CoreDataClass.swift in Sources */ = {isa = PBXBuildFile; fileRef = 6CAB41D329FCAAC600204F15 /* Journal+CoreDataClass.swift */; };
		6CAB41DA29FCAAC600204F15 /* Feeling+CoreDataClass.swift in Sources */ = {isa = PBXBuildFile; fileRef = 6CAB41D429FCAAC600204F15 /* Feeling+CoreDataClass.swift */; };
		6CAB41DB29FCAAC600204F15 /* User+CoreDataClass.swift in Sources */ = {isa = PBXBuildFile; fileRef = 6CAB41D529FCAAC600204F15 /* User+CoreDataClass.swift */; };
		6CAB41DC29FCAAC600204F15 /* Journal+CoreDataProperties.swift in Sources */ = {isa = PBXBuildFile; fileRef = 6CAB41D629FCAAC600204F15 /* Journal+CoreDataProperties.swift */; };
		6CAB41DD29FCAAC600204F15 /* Feeling+CoreDataProperties.swift in Sources */ = {isa = PBXBuildFile; fileRef = 6CAB41D729FCAAC600204F15 /* Feeling+CoreDataProperties.swift */; };
		6CAB41DF29FCE6D900204F15 /* DataView.swift in Sources */ = {isa = PBXBuildFile; fileRef = 6CAB41DE29FCE6D900204F15 /* DataView.swift */; };
		6CC6067429FFC0CF005125D8 /* TagView.swift in Sources */ = {isa = PBXBuildFile; fileRef = 6CC6066F29FFC0CF005125D8 /* TagView.swift */; };
		6CC6067529FFC0CF005125D8 /* WrappingHstack.swift in Sources */ = {isa = PBXBuildFile; fileRef = 6CC6067029FFC0CF005125D8 /* WrappingHstack.swift */; };
		6CC6067629FFC0D0005125D8 /* JournallViewModel.swift in Sources */ = {isa = PBXBuildFile; fileRef = 6CC6067129FFC0CF005125D8 /* JournallViewModel.swift */; };
		6CC6067829FFC0D0005125D8 /* Journal.swift in Sources */ = {isa = PBXBuildFile; fileRef = 6CC6067329FFC0CF005125D8 /* Journal.swift */; };
		6CC6067C2A00B423005125D8 /* JournalDetailView.swift in Sources */ = {isa = PBXBuildFile; fileRef = 6CC6067B2A00B423005125D8 /* JournalDetailView.swift */; };
		6CC6067E2A00B54D005125D8 /* CloudSharingController.swift in Sources */ = {isa = PBXBuildFile; fileRef = 6CC6067D2A00B54D005125D8 /* CloudSharingController.swift */; };
		6CC606802A00B56A005125D8 /* CoreDataStack.swift in Sources */ = {isa = PBXBuildFile; fileRef = 6CC6067F2A00B56A005125D8 /* CoreDataStack.swift */; };
		6CC606822A0107F4005125D8 /* JournalListView.swift in Sources */ = {isa = PBXBuildFile; fileRef = 6CC606812A0107F4005125D8 /* JournalListView.swift */; };
		6CF2825929FD33B500443B7C /* PartnerView.swift in Sources */ = {isa = PBXBuildFile; fileRef = 6CF2825829FD33B500443B7C /* PartnerView.swift */; };
		6CF2825D29FD357200443B7C /* Assets.xcassets in Resources */ = {isa = PBXBuildFile; fileRef = 6CF2825C29FD357200443B7C /* Assets.xcassets */; };
		6CF2826529FDF47100443B7C /* Tag.swift in Sources */ = {isa = PBXBuildFile; fileRef = 6CF2826429FDF47100443B7C /* Tag.swift */; };
		6CF2826729FE809F00443B7C /* Recommendation.swift in Sources */ = {isa = PBXBuildFile; fileRef = 6CF2826629FE809F00443B7C /* Recommendation.swift */; };
/* End PBXBuildFile section */

/* Begin PBXFileReference section */
		554133002A040C1600656C1C /* ImagePicker.swift */ = {isa = PBXFileReference; lastKnownFileType = sourcecode.swift; path = ImagePicker.swift; sourceTree = "<group>"; };
		554133042A040DD500656C1C /* SelectFeelingView.swift */ = {isa = PBXFileReference; lastKnownFileType = sourcecode.swift; path = SelectFeelingView.swift; sourceTree = "<group>"; };
		554133062A0411BD00656C1C /* AddJournalView.swift */ = {isa = PBXFileReference; lastKnownFileType = sourcecode.swift; path = AddJournalView.swift; sourceTree = "<group>"; };
		55DAD5AE2A04C7BA00EDD9B2 /* UserViewModel.swift */ = {isa = PBXFileReference; lastKnownFileType = sourcecode.swift; path = UserViewModel.swift; sourceTree = "<group>"; };
		55DAD5B02A04ECCE00EDD9B2 /* FeelingList.swift */ = {isa = PBXFileReference; lastKnownFileType = sourcecode.swift; path = FeelingList.swift; sourceTree = "<group>"; };
		55DAD5B22A04EF4F00EDD9B2 /* CategoryTagView.swift */ = {isa = PBXFileReference; lastKnownFileType = sourcecode.swift; path = CategoryTagView.swift; sourceTree = "<group>"; };
		6C841C8A29FCA3FD00377F87 /* Mini1.app */ = {isa = PBXFileReference; explicitFileType = wrapper.application; includeInIndex = 0; path = Mini1.app; sourceTree = BUILT_PRODUCTS_DIR; };
		6C841C8D29FCA3FD00377F87 /* Mini1App.swift */ = {isa = PBXFileReference; lastKnownFileType = sourcecode.swift; path = Mini1App.swift; sourceTree = "<group>"; };
		6C841C8F29FCA3FD00377F87 /* ContentView.swift */ = {isa = PBXFileReference; lastKnownFileType = sourcecode.swift; path = ContentView.swift; sourceTree = "<group>"; };
		6C841C9429FCA3FE00377F87 /* Preview Assets.xcassets */ = {isa = PBXFileReference; lastKnownFileType = folder.assetcatalog; path = "Preview Assets.xcassets"; sourceTree = "<group>"; };
		6C841CA529FCA46D00377F87 /* AddView.swift */ = {isa = PBXFileReference; fileEncoding = 4; lastKnownFileType = sourcecode.swift; path = AddView.swift; sourceTree = "<group>"; };
		6C841CA629FCA46D00377F87 /* HomeView.swift */ = {isa = PBXFileReference; fileEncoding = 4; lastKnownFileType = sourcecode.swift; path = HomeView.swift; sourceTree = "<group>"; };
		6C841CAA29FCA47600377F87 /* JournalViewModel.swift */ = {isa = PBXFileReference; fileEncoding = 4; lastKnownFileType = sourcecode.swift; path = JournalViewModel.swift; sourceTree = "<group>"; };
		6C841CAD29FCA48A00377F87 /* Mini1.xcdatamodel */ = {isa = PBXFileReference; lastKnownFileType = wrapper.xcdatamodel; path = Mini1.xcdatamodel; sourceTree = "<group>"; };
		6C841CAF29FCA49800377F87 /* MoodAnalysis.mlmodel */ = {isa = PBXFileReference; lastKnownFileType = file.mlmodel; path = MoodAnalysis.mlmodel; sourceTree = "<group>"; };
		6C841CB129FCA4A000377F87 /* CoreDataUserManager.swift */ = {isa = PBXFileReference; fileEncoding = 4; lastKnownFileType = sourcecode.swift; path = CoreDataUserManager.swift; sourceTree = "<group>"; };
		6C841CB229FCA4A000377F87 /* DataController.swift */ = {isa = PBXFileReference; fileEncoding = 4; lastKnownFileType = sourcecode.swift; path = DataController.swift; sourceTree = "<group>"; };
		6CAAA1B029FF84ED009F907C /* Mini1.entitlements */ = {isa = PBXFileReference; lastKnownFileType = text.plist.entitlements; path = Mini1.entitlements; sourceTree = "<group>"; };
		6CAAA1B129FF857F009F907C /* Info.plist */ = {isa = PBXFileReference; lastKnownFileType = text.plist; path = Info.plist; sourceTree = "<group>"; };
		6CAB41D029FCA75000204F15 /* CoreDataViewModel.swift */ = {isa = PBXFileReference; lastKnownFileType = sourcecode.swift; path = CoreDataViewModel.swift; sourceTree = "<group>"; };
		6CAB41D229FCAAC600204F15 /* User+CoreDataProperties.swift */ = {isa = PBXFileReference; fileEncoding = 4; lastKnownFileType = sourcecode.swift; path = "User+CoreDataProperties.swift"; sourceTree = "<group>"; };
		6CAB41D329FCAAC600204F15 /* Journal+CoreDataClass.swift */ = {isa = PBXFileReference; fileEncoding = 4; lastKnownFileType = sourcecode.swift; path = "Journal+CoreDataClass.swift"; sourceTree = "<group>"; };
		6CAB41D429FCAAC600204F15 /* Feeling+CoreDataClass.swift */ = {isa = PBXFileReference; fileEncoding = 4; lastKnownFileType = sourcecode.swift; path = "Feeling+CoreDataClass.swift"; sourceTree = "<group>"; };
		6CAB41D529FCAAC600204F15 /* User+CoreDataClass.swift */ = {isa = PBXFileReference; fileEncoding = 4; lastKnownFileType = sourcecode.swift; path = "User+CoreDataClass.swift"; sourceTree = "<group>"; };
		6CAB41D629FCAAC600204F15 /* Journal+CoreDataProperties.swift */ = {isa = PBXFileReference; fileEncoding = 4; lastKnownFileType = sourcecode.swift; path = "Journal+CoreDataProperties.swift"; sourceTree = "<group>"; };
		6CAB41D729FCAAC600204F15 /* Feeling+CoreDataProperties.swift */ = {isa = PBXFileReference; fileEncoding = 4; lastKnownFileType = sourcecode.swift; path = "Feeling+CoreDataProperties.swift"; sourceTree = "<group>"; };
		6CAB41DE29FCE6D900204F15 /* DataView.swift */ = {isa = PBXFileReference; lastKnownFileType = sourcecode.swift; path = DataView.swift; sourceTree = "<group>"; };
		6CC6066F29FFC0CF005125D8 /* TagView.swift */ = {isa = PBXFileReference; fileEncoding = 4; lastKnownFileType = sourcecode.swift; path = TagView.swift; sourceTree = "<group>"; };
		6CC6067029FFC0CF005125D8 /* WrappingHstack.swift */ = {isa = PBXFileReference; fileEncoding = 4; lastKnownFileType = sourcecode.swift; path = WrappingHstack.swift; sourceTree = "<group>"; };
		6CC6067129FFC0CF005125D8 /* JournallViewModel.swift */ = {isa = PBXFileReference; fileEncoding = 4; lastKnownFileType = sourcecode.swift; path = JournallViewModel.swift; sourceTree = "<group>"; };
		6CC6067329FFC0CF005125D8 /* Journal.swift */ = {isa = PBXFileReference; fileEncoding = 4; lastKnownFileType = sourcecode.swift; path = Journal.swift; sourceTree = "<group>"; };
		6CC6067B2A00B423005125D8 /* JournalDetailView.swift */ = {isa = PBXFileReference; fileEncoding = 4; lastKnownFileType = sourcecode.swift; path = JournalDetailView.swift; sourceTree = "<group>"; };
		6CC6067D2A00B54D005125D8 /* CloudSharingController.swift */ = {isa = PBXFileReference; fileEncoding = 4; lastKnownFileType = sourcecode.swift; path = CloudSharingController.swift; sourceTree = "<group>"; };
		6CC6067F2A00B56A005125D8 /* CoreDataStack.swift */ = {isa = PBXFileReference; fileEncoding = 4; lastKnownFileType = sourcecode.swift; path = CoreDataStack.swift; sourceTree = "<group>"; };
		6CC606812A0107F4005125D8 /* JournalListView.swift */ = {isa = PBXFileReference; lastKnownFileType = sourcecode.swift; path = JournalListView.swift; sourceTree = "<group>"; };
		6CF2825829FD33B500443B7C /* PartnerView.swift */ = {isa = PBXFileReference; lastKnownFileType = sourcecode.swift; path = PartnerView.swift; sourceTree = "<group>"; };
		6CF2825C29FD357200443B7C /* Assets.xcassets */ = {isa = PBXFileReference; lastKnownFileType = folder.assetcatalog; name = Assets.xcassets; path = Features/Mini1/Presenters/Extension/Assets.xcassets; sourceTree = "<group>"; };
		6CF2826429FDF47100443B7C /* Tag.swift */ = {isa = PBXFileReference; lastKnownFileType = sourcecode.swift; path = Tag.swift; sourceTree = "<group>"; };
		6CF2826629FE809F00443B7C /* Recommendation.swift */ = {isa = PBXFileReference; lastKnownFileType = sourcecode.swift; path = Recommendation.swift; sourceTree = "<group>"; };
/* End PBXFileReference section */

/* Begin PBXFrameworksBuildPhase section */
		6C841C8729FCA3FD00377F87 /* Frameworks */ = {
			isa = PBXFrameworksBuildPhase;
			buildActionMask = 2147483647;
			files = (
			);
			runOnlyForDeploymentPostprocessing = 0;
		};
/* End PBXFrameworksBuildPhase section */

/* Begin PBXGroup section */
		6C841C8129FCA3FD00377F87 = {
			isa = PBXGroup;
			children = (
				6C841C8C29FCA3FD00377F87 /* Mini1 */,
				6C841C8B29FCA3FD00377F87 /* Products */,
			);
			sourceTree = "<group>";
		};
		6C841C8B29FCA3FD00377F87 /* Products */ = {
			isa = PBXGroup;
			children = (
				6C841C8A29FCA3FD00377F87 /* Mini1.app */,
			);
			name = Products;
			sourceTree = "<group>";
		};
		6C841C8C29FCA3FD00377F87 /* Mini1 */ = {
			isa = PBXGroup;
			children = (
				6CAAA1B129FF857F009F907C /* Info.plist */,
				6CAAA1B029FF84ED009F907C /* Mini1.entitlements */,
				6C841C9B29FCA41300377F87 /* Application */,
				6C841C9C29FCA41800377F87 /* Features */,
				6CF2825C29FD357200443B7C /* Assets.xcassets */,
				6C841C9329FCA3FE00377F87 /* Preview Content */,
			);
			path = Mini1;
			sourceTree = "<group>";
		};
		6C841C9329FCA3FE00377F87 /* Preview Content */ = {
			isa = PBXGroup;
			children = (
				6C841C9429FCA3FE00377F87 /* Preview Assets.xcassets */,
			);
			path = "Preview Content";
			sourceTree = "<group>";
		};
		6C841C9B29FCA41300377F87 /* Application */ = {
			isa = PBXGroup;
			children = (
				6C841C8D29FCA3FD00377F87 /* Mini1App.swift */,
			);
			path = Application;
			sourceTree = "<group>";
		};
		6C841C9C29FCA41800377F87 /* Features */ = {
			isa = PBXGroup;
			children = (
				6C841C9D29FCA42300377F87 /* Mini1 */,
			);
			path = Features;
			sourceTree = "<group>";
		};
		6C841C9D29FCA42300377F87 /* Mini1 */ = {
			isa = PBXGroup;
			children = (
				6C841CA329FCA45100377F87 /* Models */,
				6C841CA229FCA44B00377F87 /* ViewModels */,
				6C841C9E29FCA43300377F87 /* Presenters */,
			);
			path = Mini1;
			sourceTree = "<group>";
		};
		6C841C9E29FCA43300377F87 /* Presenters */ = {
			isa = PBXGroup;
			children = (
				6C841CA129FCA44500377F87 /* Views */,
				6C841CA029FCA43F00377F87 /* Components */,
				6C841C9F29FCA43A00377F87 /* Extension */,
			);
			path = Presenters;
			sourceTree = "<group>";
		};
		6C841C9F29FCA43A00377F87 /* Extension */ = {
			isa = PBXGroup;
			children = (
			);
			path = Extension;
			sourceTree = "<group>";
		};
		6C841CA029FCA43F00377F87 /* Components */ = {
			isa = PBXGroup;
			children = (
				6CC6067B2A00B423005125D8 /* JournalDetailView.swift */,
				6CC6067D2A00B54D005125D8 /* CloudSharingController.swift */,
				6CC6067329FFC0CF005125D8 /* Journal.swift */,
				6CC6067129FFC0CF005125D8 /* JournallViewModel.swift */,
				6CC6066F29FFC0CF005125D8 /* TagView.swift */,
				6CC6067029FFC0CF005125D8 /* WrappingHstack.swift */,
			);
			path = Components;
			sourceTree = "<group>";
		};
		6C841CA129FCA44500377F87 /* Views */ = {
			isa = PBXGroup;
			children = (
				6C841C8F29FCA3FD00377F87 /* ContentView.swift */,
				554133002A040C1600656C1C /* ImagePicker.swift */,
				55DAD5B22A04EF4F00EDD9B2 /* CategoryTagView.swift */,
				554133042A040DD500656C1C /* SelectFeelingView.swift */,
				554133062A0411BD00656C1C /* AddJournalView.swift */,
				6C841CA529FCA46D00377F87 /* AddView.swift */,
				6C841CA629FCA46D00377F87 /* HomeView.swift */,
				6CAB41DE29FCE6D900204F15 /* DataView.swift */,
				6CF2825829FD33B500443B7C /* PartnerView.swift */,
				6CC606812A0107F4005125D8 /* JournalListView.swift */,
			);
			path = Views;
			sourceTree = "<group>";
		};
		6C841CA229FCA44B00377F87 /* ViewModels */ = {
			isa = PBXGroup;
			children = (
				6C841CB129FCA4A000377F87 /* CoreDataUserManager.swift */,
				6C841CB229FCA4A000377F87 /* DataController.swift */,
				55DAD5AE2A04C7BA00EDD9B2 /* UserViewModel.swift */,
				6C841CAA29FCA47600377F87 /* JournalViewModel.swift */,
				6CAB41D029FCA75000204F15 /* CoreDataViewModel.swift */,
				6CC6067F2A00B56A005125D8 /* CoreDataStack.swift */,
			);
			path = ViewModels;
			sourceTree = "<group>";
		};
		6C841CA329FCA45100377F87 /* Models */ = {
			isa = PBXGroup;
			children = (
				6C841CAC29FCA48A00377F87 /* Mini1.xcdatamodeld */,
				6C841CAF29FCA49800377F87 /* MoodAnalysis.mlmodel */,
				6CAB41D429FCAAC600204F15 /* Feeling+CoreDataClass.swift */,
				6CAB41D729FCAAC600204F15 /* Feeling+CoreDataProperties.swift */,
				6CAB41D329FCAAC600204F15 /* Journal+CoreDataClass.swift */,
				6CAB41D629FCAAC600204F15 /* Journal+CoreDataProperties.swift */,
				6CAB41D529FCAAC600204F15 /* User+CoreDataClass.swift */,
				6CAB41D229FCAAC600204F15 /* User+CoreDataProperties.swift */,
				55DAD5B02A04ECCE00EDD9B2 /* FeelingList.swift */,
				6CF2826429FDF47100443B7C /* Tag.swift */,
				6CF2826629FE809F00443B7C /* Recommendation.swift */,
			);
			path = Models;
			sourceTree = "<group>";
		};
/* End PBXGroup section */

/* Begin PBXNativeTarget section */
		6C841C8929FCA3FD00377F87 /* Mini1 */ = {
			isa = PBXNativeTarget;
			buildConfigurationList = 6C841C9829FCA3FE00377F87 /* Build configuration list for PBXNativeTarget "Mini1" */;
			buildPhases = (
				6C841C8629FCA3FD00377F87 /* Sources */,
				6C841C8729FCA3FD00377F87 /* Frameworks */,
				6C841C8829FCA3FD00377F87 /* Resources */,
			);
			buildRules = (
			);
			dependencies = (
			);
			name = Mini1;
			productName = Mini1;
			productReference = 6C841C8A29FCA3FD00377F87 /* Mini1.app */;
			productType = "com.apple.product-type.application";
		};
/* End PBXNativeTarget section */

/* Begin PBXProject section */
		6C841C8229FCA3FD00377F87 /* Project object */ = {
			isa = PBXProject;
			attributes = {
				BuildIndependentTargetsInParallel = 1;
				LastSwiftUpdateCheck = 1420;
				LastUpgradeCheck = 1420;
				TargetAttributes = {
					6C841C8929FCA3FD00377F87 = {
						CreatedOnToolsVersion = 14.2;
					};
				};
			};
			buildConfigurationList = 6C841C8529FCA3FD00377F87 /* Build configuration list for PBXProject "Mini1" */;
			compatibilityVersion = "Xcode 14.0";
			developmentRegion = en;
			hasScannedForEncodings = 0;
			knownRegions = (
				en,
				Base,
			);
			mainGroup = 6C841C8129FCA3FD00377F87;
			productRefGroup = 6C841C8B29FCA3FD00377F87 /* Products */;
			projectDirPath = "";
			projectRoot = "";
			targets = (
				6C841C8929FCA3FD00377F87 /* Mini1 */,
			);
		};
/* End PBXProject section */

/* Begin PBXResourcesBuildPhase section */
		6C841C8829FCA3FD00377F87 /* Resources */ = {
			isa = PBXResourcesBuildPhase;
			buildActionMask = 2147483647;
			files = (
				6C841C9529FCA3FE00377F87 /* Preview Assets.xcassets in Resources */,
				6CF2825D29FD357200443B7C /* Assets.xcassets in Resources */,
			);
			runOnlyForDeploymentPostprocessing = 0;
		};
/* End PBXResourcesBuildPhase section */

/* Begin PBXSourcesBuildPhase section */
		6C841C8629FCA3FD00377F87 /* Sources */ = {
			isa = PBXSourcesBuildPhase;
			buildActionMask = 2147483647;
			files = (
				6CC6067529FFC0CF005125D8 /* WrappingHstack.swift in Sources */,
				55DAD5AF2A04C7BA00EDD9B2 /* UserViewModel.swift in Sources */,
				6CAB41DF29FCE6D900204F15 /* DataView.swift in Sources */,
				6C841CB329FCA4A000377F87 /* CoreDataUserManager.swift in Sources */,
				6C841CAB29FCA47600377F87 /* JournalViewModel.swift in Sources */,
				6CC6067E2A00B54D005125D8 /* CloudSharingController.swift in Sources */,
				6CAB41DC29FCAAC600204F15 /* Journal+CoreDataProperties.swift in Sources */,
				6CAB41DA29FCAAC600204F15 /* Feeling+CoreDataClass.swift in Sources */,
				6CC606802A00B56A005125D8 /* CoreDataStack.swift in Sources */,
				6CAB41D829FCAAC600204F15 /* User+CoreDataProperties.swift in Sources */,
				55DAD5B32A04EF4F00EDD9B2 /* CategoryTagView.swift in Sources */,
				6CAB41D129FCA75000204F15 /* CoreDataViewModel.swift in Sources */,
				6C841CA829FCA46D00377F87 /* AddView.swift in Sources */,
				6CC6067C2A00B423005125D8 /* JournalDetailView.swift in Sources */,
				6CC606822A0107F4005125D8 /* JournalListView.swift in Sources */,
				6CAB41D929FCAAC600204F15 /* Journal+CoreDataClass.swift in Sources */,
				554133072A0411BD00656C1C /* AddJournalView.swift in Sources */,
				6C841CAE29FCA48A00377F87 /* Mini1.xcdatamodeld in Sources */,
				6CF2826729FE809F00443B7C /* Recommendation.swift in Sources */,
				6C841CB429FCA4A000377F87 /* DataController.swift in Sources */,
				554133012A040C1600656C1C /* ImagePicker.swift in Sources */,
				55DAD5B12A04ECCE00EDD9B2 /* FeelingList.swift in Sources */,
				554133052A040DD500656C1C /* SelectFeelingView.swift in Sources */,
				6CC6067629FFC0D0005125D8 /* JournallViewModel.swift in Sources */,
				6C841C9029FCA3FD00377F87 /* ContentView.swift in Sources */,
				6CC6067829FFC0D0005125D8 /* Journal.swift in Sources */,
				6CF2826529FDF47100443B7C /* Tag.swift in Sources */,
				6CC6067429FFC0CF005125D8 /* TagView.swift in Sources */,
				6CF2825929FD33B500443B7C /* PartnerView.swift in Sources */,
				6CAB41DD29FCAAC600204F15 /* Feeling+CoreDataProperties.swift in Sources */,
				6C841CA929FCA46D00377F87 /* HomeView.swift in Sources */,
				6C841C8E29FCA3FD00377F87 /* Mini1App.swift in Sources */,
				6C841CB029FCA49800377F87 /* MoodAnalysis.mlmodel in Sources */,
				6CAB41DB29FCAAC600204F15 /* User+CoreDataClass.swift in Sources */,
			);
			runOnlyForDeploymentPostprocessing = 0;
		};
/* End PBXSourcesBuildPhase section */

/* Begin XCBuildConfiguration section */
		6C841C9629FCA3FE00377F87 /* Debug */ = {
			isa = XCBuildConfiguration;
			buildSettings = {
				ALWAYS_SEARCH_USER_PATHS = NO;
				CLANG_ANALYZER_NONNULL = YES;
				CLANG_ANALYZER_NUMBER_OBJECT_CONVERSION = YES_AGGRESSIVE;
				CLANG_CXX_LANGUAGE_STANDARD = "gnu++20";
				CLANG_ENABLE_MODULES = YES;
				CLANG_ENABLE_OBJC_ARC = YES;
				CLANG_ENABLE_OBJC_WEAK = YES;
				CLANG_WARN_BLOCK_CAPTURE_AUTORELEASING = YES;
				CLANG_WARN_BOOL_CONVERSION = YES;
				CLANG_WARN_COMMA = YES;
				CLANG_WARN_CONSTANT_CONVERSION = YES;
				CLANG_WARN_DEPRECATED_OBJC_IMPLEMENTATIONS = YES;
				CLANG_WARN_DIRECT_OBJC_ISA_USAGE = YES_ERROR;
				CLANG_WARN_DOCUMENTATION_COMMENTS = YES;
				CLANG_WARN_EMPTY_BODY = YES;
				CLANG_WARN_ENUM_CONVERSION = YES;
				CLANG_WARN_INFINITE_RECURSION = YES;
				CLANG_WARN_INT_CONVERSION = YES;
				CLANG_WARN_NON_LITERAL_NULL_CONVERSION = YES;
				CLANG_WARN_OBJC_IMPLICIT_RETAIN_SELF = YES;
				CLANG_WARN_OBJC_LITERAL_CONVERSION = YES;
				CLANG_WARN_OBJC_ROOT_CLASS = YES_ERROR;
				CLANG_WARN_QUOTED_INCLUDE_IN_FRAMEWORK_HEADER = YES;
				CLANG_WARN_RANGE_LOOP_ANALYSIS = YES;
				CLANG_WARN_STRICT_PROTOTYPES = YES;
				CLANG_WARN_SUSPICIOUS_MOVE = YES;
				CLANG_WARN_UNGUARDED_AVAILABILITY = YES_AGGRESSIVE;
				CLANG_WARN_UNREACHABLE_CODE = YES;
				CLANG_WARN__DUPLICATE_METHOD_MATCH = YES;
				COPY_PHASE_STRIP = NO;
				DEBUG_INFORMATION_FORMAT = dwarf;
				ENABLE_STRICT_OBJC_MSGSEND = YES;
				ENABLE_TESTABILITY = YES;
				GCC_C_LANGUAGE_STANDARD = gnu11;
				GCC_DYNAMIC_NO_PIC = NO;
				GCC_NO_COMMON_BLOCKS = YES;
				GCC_OPTIMIZATION_LEVEL = 0;
				GCC_PREPROCESSOR_DEFINITIONS = (
					"DEBUG=1",
					"$(inherited)",
				);
				GCC_WARN_64_TO_32_BIT_CONVERSION = YES;
				GCC_WARN_ABOUT_RETURN_TYPE = YES_ERROR;
				GCC_WARN_UNDECLARED_SELECTOR = YES;
				GCC_WARN_UNINITIALIZED_AUTOS = YES_AGGRESSIVE;
				GCC_WARN_UNUSED_FUNCTION = YES;
				GCC_WARN_UNUSED_VARIABLE = YES;
				IPHONEOS_DEPLOYMENT_TARGET = 16.2;
				MTL_ENABLE_DEBUG_INFO = INCLUDE_SOURCE;
				MTL_FAST_MATH = YES;
				ONLY_ACTIVE_ARCH = YES;
				SDKROOT = iphoneos;
				SWIFT_ACTIVE_COMPILATION_CONDITIONS = DEBUG;
				SWIFT_OPTIMIZATION_LEVEL = "-Onone";
			};
			name = Debug;
		};
		6C841C9729FCA3FE00377F87 /* Release */ = {
			isa = XCBuildConfiguration;
			buildSettings = {
				ALWAYS_SEARCH_USER_PATHS = NO;
				CLANG_ANALYZER_NONNULL = YES;
				CLANG_ANALYZER_NUMBER_OBJECT_CONVERSION = YES_AGGRESSIVE;
				CLANG_CXX_LANGUAGE_STANDARD = "gnu++20";
				CLANG_ENABLE_MODULES = YES;
				CLANG_ENABLE_OBJC_ARC = YES;
				CLANG_ENABLE_OBJC_WEAK = YES;
				CLANG_WARN_BLOCK_CAPTURE_AUTORELEASING = YES;
				CLANG_WARN_BOOL_CONVERSION = YES;
				CLANG_WARN_COMMA = YES;
				CLANG_WARN_CONSTANT_CONVERSION = YES;
				CLANG_WARN_DEPRECATED_OBJC_IMPLEMENTATIONS = YES;
				CLANG_WARN_DIRECT_OBJC_ISA_USAGE = YES_ERROR;
				CLANG_WARN_DOCUMENTATION_COMMENTS = YES;
				CLANG_WARN_EMPTY_BODY = YES;
				CLANG_WARN_ENUM_CONVERSION = YES;
				CLANG_WARN_INFINITE_RECURSION = YES;
				CLANG_WARN_INT_CONVERSION = YES;
				CLANG_WARN_NON_LITERAL_NULL_CONVERSION = YES;
				CLANG_WARN_OBJC_IMPLICIT_RETAIN_SELF = YES;
				CLANG_WARN_OBJC_LITERAL_CONVERSION = YES;
				CLANG_WARN_OBJC_ROOT_CLASS = YES_ERROR;
				CLANG_WARN_QUOTED_INCLUDE_IN_FRAMEWORK_HEADER = YES;
				CLANG_WARN_RANGE_LOOP_ANALYSIS = YES;
				CLANG_WARN_STRICT_PROTOTYPES = YES;
				CLANG_WARN_SUSPICIOUS_MOVE = YES;
				CLANG_WARN_UNGUARDED_AVAILABILITY = YES_AGGRESSIVE;
				CLANG_WARN_UNREACHABLE_CODE = YES;
				CLANG_WARN__DUPLICATE_METHOD_MATCH = YES;
				COPY_PHASE_STRIP = NO;
				DEBUG_INFORMATION_FORMAT = "dwarf-with-dsym";
				ENABLE_NS_ASSERTIONS = NO;
				ENABLE_STRICT_OBJC_MSGSEND = YES;
				GCC_C_LANGUAGE_STANDARD = gnu11;
				GCC_NO_COMMON_BLOCKS = YES;
				GCC_WARN_64_TO_32_BIT_CONVERSION = YES;
				GCC_WARN_ABOUT_RETURN_TYPE = YES_ERROR;
				GCC_WARN_UNDECLARED_SELECTOR = YES;
				GCC_WARN_UNINITIALIZED_AUTOS = YES_AGGRESSIVE;
				GCC_WARN_UNUSED_FUNCTION = YES;
				GCC_WARN_UNUSED_VARIABLE = YES;
				IPHONEOS_DEPLOYMENT_TARGET = 16.2;
				MTL_ENABLE_DEBUG_INFO = NO;
				MTL_FAST_MATH = YES;
				SDKROOT = iphoneos;
				SWIFT_COMPILATION_MODE = wholemodule;
				SWIFT_OPTIMIZATION_LEVEL = "-O";
				VALIDATE_PRODUCT = YES;
			};
			name = Release;
		};
		6C841C9929FCA3FE00377F87 /* Debug */ = {
			isa = XCBuildConfiguration;
			buildSettings = {
				ASSETCATALOG_COMPILER_APPICON_NAME = AppIcon;
				ASSETCATALOG_COMPILER_GLOBAL_ACCENT_COLOR_NAME = AccentColor;
				CODE_SIGN_ENTITLEMENTS = Mini1/Mini1.entitlements;
				CODE_SIGN_STYLE = Automatic;
				CURRENT_PROJECT_VERSION = 1;
				DEVELOPMENT_ASSET_PATHS = "\"Mini1/Preview Content\"";
				DEVELOPMENT_TEAM = 3Z7W76VADF;
				ENABLE_PREVIEWS = YES;
				GENERATE_INFOPLIST_FILE = YES;
				INFOPLIST_FILE = Mini1/Info.plist;
				INFOPLIST_KEY_UIApplicationSceneManifest_Generation = YES;
				INFOPLIST_KEY_UIApplicationSupportsIndirectInputEvents = YES;
				INFOPLIST_KEY_UILaunchScreen_Generation = YES;
				INFOPLIST_KEY_UISupportedInterfaceOrientations_iPad = "UIInterfaceOrientationPortrait UIInterfaceOrientationPortraitUpsideDown UIInterfaceOrientationLandscapeLeft UIInterfaceOrientationLandscapeRight";
				INFOPLIST_KEY_UISupportedInterfaceOrientations_iPhone = "UIInterfaceOrientationPortrait UIInterfaceOrientationLandscapeLeft UIInterfaceOrientationLandscapeRight";
				LD_RUNPATH_SEARCH_PATHS = (
					"$(inherited)",
					"@executable_path/Frameworks",
				);
				MARKETING_VERSION = 1.0;
				PRODUCT_BUNDLE_IDENTIFIER = com.Mini1.pleaseWork;
				PRODUCT_NAME = "$(TARGET_NAME)";
				SWIFT_EMIT_LOC_STRINGS = YES;
				SWIFT_VERSION = 5.0;
				TARGETED_DEVICE_FAMILY = "1,2";
			};
			name = Debug;
		};
		6C841C9A29FCA3FE00377F87 /* Release */ = {
			isa = XCBuildConfiguration;
			buildSettings = {
				ASSETCATALOG_COMPILER_APPICON_NAME = AppIcon;
				ASSETCATALOG_COMPILER_GLOBAL_ACCENT_COLOR_NAME = AccentColor;
				CODE_SIGN_ENTITLEMENTS = Mini1/Mini1.entitlements;
				CODE_SIGN_STYLE = Automatic;
				CURRENT_PROJECT_VERSION = 1;
				DEVELOPMENT_ASSET_PATHS = "\"Mini1/Preview Content\"";
				DEVELOPMENT_TEAM = 3Z7W76VADF;
				ENABLE_PREVIEWS = YES;
				GENERATE_INFOPLIST_FILE = YES;
				INFOPLIST_FILE = Mini1/Info.plist;
				INFOPLIST_KEY_UIApplicationSceneManifest_Generation = YES;
				INFOPLIST_KEY_UIApplicationSupportsIndirectInputEvents = YES;
				INFOPLIST_KEY_UILaunchScreen_Generation = YES;
				INFOPLIST_KEY_UISupportedInterfaceOrientations_iPad = "UIInterfaceOrientationPortrait UIInterfaceOrientationPortraitUpsideDown UIInterfaceOrientationLandscapeLeft UIInterfaceOrientationLandscapeRight";
				INFOPLIST_KEY_UISupportedInterfaceOrientations_iPhone = "UIInterfaceOrientationPortrait UIInterfaceOrientationLandscapeLeft UIInterfaceOrientationLandscapeRight";
				LD_RUNPATH_SEARCH_PATHS = (
					"$(inherited)",
					"@executable_path/Frameworks",
				);
				MARKETING_VERSION = 1.0;
				PRODUCT_BUNDLE_IDENTIFIER = com.Mini1.pleaseWork;
				PRODUCT_NAME = "$(TARGET_NAME)";
				SWIFT_EMIT_LOC_STRINGS = YES;
				SWIFT_VERSION = 5.0;
				TARGETED_DEVICE_FAMILY = "1,2";
			};
			name = Release;
		};
/* End XCBuildConfiguration section */

/* Begin XCConfigurationList section */
		6C841C8529FCA3FD00377F87 /* Build configuration list for PBXProject "Mini1" */ = {
			isa = XCConfigurationList;
			buildConfigurations = (
				6C841C9629FCA3FE00377F87 /* Debug */,
				6C841C9729FCA3FE00377F87 /* Release */,
			);
			defaultConfigurationIsVisible = 0;
			defaultConfigurationName = Release;
		};
		6C841C9829FCA3FE00377F87 /* Build configuration list for PBXNativeTarget "Mini1" */ = {
			isa = XCConfigurationList;
			buildConfigurations = (
				6C841C9929FCA3FE00377F87 /* Debug */,
				6C841C9A29FCA3FE00377F87 /* Release */,
			);
			defaultConfigurationIsVisible = 0;
			defaultConfigurationName = Release;
		};
/* End XCConfigurationList section */

/* Begin XCVersionGroup section */
		6C841CAC29FCA48A00377F87 /* Mini1.xcdatamodeld */ = {
			isa = XCVersionGroup;
			children = (
				6C841CAD29FCA48A00377F87 /* Mini1.xcdatamodel */,
			);
			currentVersion = 6C841CAD29FCA48A00377F87 /* Mini1.xcdatamodel */;
			path = Mini1.xcdatamodeld;
			sourceTree = "<group>";
			versionGroupType = wrapper.xcdatamodel;
		};
/* End XCVersionGroup section */
	};
	rootObject = 6C841C8229FCA3FD00377F87 /* Project object */;
}
